{
  "name": "mpv-jimaku",
  "version": "0.0.1",
  "lockfileVersion": 3,
  "requires": true,
  "packages": {
    "": {
      "name": "mpv-jimaku",
      "version": "0.0.1",
      "license": "GPL-3.0-only",
      "dependencies": {
        "@types/mpv-script": "^0.32.8"
      }
    },
    "node_modules/@types/mpv-script": {
      "version": "0.32.8",
      "resolved": "https://registry.npmjs.org/@types/mpv-script/-/mpv-script-0.32.8.tgz",
      "integrity": "sha512-FghPilWokSIoMnezoyrfetgPIE26wD3GlxK6oaRKbgkNzYnEnhK/B9TeaKRD7GNKyUJdX9pAHfnasyChhZvQSg=="
    }
  }
}
